// !$*UTF8*$!
{
	archiveVersion = 1;
	classes = {
	};
	objectVersion = 46;
	objects = {

/* Begin PBXBuildFile section */
		47A4A2B41B483A2700E611C5 /* AppDelegate.swift in Sources */ = {isa = PBXBuildFile; fileRef = 47A4A2B31B483A2700E611C5 /* AppDelegate.swift */; };
		47A4A2B61B483A2700E611C5 /* ProgramSwitcherViewController.swift in Sources */ = {isa = PBXBuildFile; fileRef = 47A4A2B51B483A2700E611C5 /* ProgramSwitcherViewController.swift */; };
		47A4A2B91B483A2700E611C5 /* Main.storyboard in Resources */ = {isa = PBXBuildFile; fileRef = 47A4A2B71B483A2700E611C5 /* Main.storyboard */; };
		47A4A2BB1B483A2700E611C5 /* Images.xcassets in Resources */ = {isa = PBXBuildFile; fileRef = 47A4A2BA1B483A2700E611C5 /* Images.xcassets */; };
		47A4A2BE1B483A2700E611C5 /* LaunchScreen.xib in Resources */ = {isa = PBXBuildFile; fileRef = 47A4A2BC1B483A2700E611C5 /* LaunchScreen.xib */; };
		47A4A2CA1B483A2700E611C5 /* ProgramSwitcherTests.swift in Sources */ = {isa = PBXBuildFile; fileRef = 47A4A2C91B483A2700E611C5 /* ProgramSwitcherTests.swift */; };
/* End PBXBuildFile section */

/* Begin PBXContainerItemProxy section */
		47A4A2C41B483A2700E611C5 /* PBXContainerItemProxy */ = {
			isa = PBXContainerItemProxy;
			containerPortal = 47A4A2A61B483A2700E611C5 /* Project object */;
			proxyType = 1;
			remoteGlobalIDString = 47A4A2AD1B483A2700E611C5;
			remoteInfo = ProgramSwitcher;
		};
/* End PBXContainerItemProxy section */

/* Begin PBXFileReference section */
		47A4A2AE1B483A2700E611C5 /* ProgramSwitcher.app */ = {isa = PBXFileReference; explicitFileType = wrapper.application; includeInIndex = 0; path = ProgramSwitcher.app; sourceTree = BUILT_PRODUCTS_DIR; };
		47A4A2B21B483A2700E611C5 /* Info.plist */ = {isa = PBXFileReference; lastKnownFileType = text.plist.xml; path = Info.plist; sourceTree = "<group>"; };
		47A4A2B31B483A2700E611C5 /* AppDelegate.swift */ = {isa = PBXFileReference; lastKnownFileType = sourcecode.swift; path = AppDelegate.swift; sourceTree = "<group>"; };
		47A4A2B51B483A2700E611C5 /* ProgramSwitcherViewController.swift */ = {isa = PBXFileReference; lastKnownFileType = sourcecode.swift; path = ProgramSwitcherViewController.swift; sourceTree = "<group>"; };
		47A4A2B81B483A2700E611C5 /* Base */ = {isa = PBXFileReference; lastKnownFileType = file.storyboard; name = Base; path = Base.lproj/Main.storyboard; sourceTree = "<group>"; };
		47A4A2BA1B483A2700E611C5 /* Images.xcassets */ = {isa = PBXFileReference; lastKnownFileType = folder.assetcatalog; path = Images.xcassets; sourceTree = "<group>"; };
		47A4A2BD1B483A2700E611C5 /* Base */ = {isa = PBXFileReference; lastKnownFileType = file.xib; name = Base; path = Base.lproj/LaunchScreen.xib; sourceTree = "<group>"; };
		47A4A2C31B483A2700E611C5 /* ProgramSwitcherTests.xctest */ = {isa = PBXFileReference; explicitFileType = wrapper.cfbundle; includeInIndex = 0; path = ProgramSwitcherTests.xctest; sourceTree = BUILT_PRODUCTS_DIR; };
		47A4A2C81B483A2700E611C5 /* Info.plist */ = {isa = PBXFileReference; lastKnownFileType = text.plist.xml; path = Info.plist; sourceTree = "<group>"; };
		47A4A2C91B483A2700E611C5 /* ProgramSwitcherTests.swift */ = {isa = PBXFileReference; lastKnownFileType = sourcecode.swift; path = ProgramSwitcherTests.swift; sourceTree = "<group>"; };
/* End PBXFileReference section */

/* Begin PBXFrameworksBuildPhase section */
		47A4A2AB1B483A2700E611C5 /* Frameworks */ = {
			isa = PBXFrameworksBuildPhase;
			buildActionMask = 2147483647;
			files = (
			);
			runOnlyForDeploymentPostprocessing = 0;
		};
		47A4A2C01B483A2700E611C5 /* Frameworks */ = {
			isa = PBXFrameworksBuildPhase;
			buildActionMask = 2147483647;
			files = (
			);
			runOnlyForDeploymentPostprocessing = 0;
		};
/* End PBXFrameworksBuildPhase section */

/* Begin PBXGroup section */
		47A4A2A51B483A2700E611C5 = {
			isa = PBXGroup;
			children = (
				47A4A2B01B483A2700E611C5 /* ProgramSwitcher */,
				47A4A2C61B483A2700E611C5 /* ProgramSwitcherTests */,
				47A4A2AF1B483A2700E611C5 /* Products */,
			);
			sourceTree = "<group>";
		};
		47A4A2AF1B483A2700E611C5 /* Products */ = {
			isa = PBXGroup;
			children = (
				47A4A2AE1B483A2700E611C5 /* ProgramSwitcher.app */,
				47A4A2C31B483A2700E611C5 /* ProgramSwitcherTests.xctest */,
			);
			name = Products;
			sourceTree = "<group>";
		};
		47A4A2B01B483A2700E611C5 /* ProgramSwitcher */ = {
			isa = PBXGroup;
			children = (
				47A4A2B31B483A2700E611C5 /* AppDelegate.swift */,
				47A4A2B51B483A2700E611C5 /* ProgramSwitcherViewController.swift */,
				47A4A2B71B483A2700E611C5 /* Main.storyboard */,
				47A4A2BA1B483A2700E611C5 /* Images.xcassets */,
				47A4A2BC1B483A2700E611C5 /* LaunchScreen.xib */,
				47A4A2B11B483A2700E611C5 /* Supporting Files */,
			);
			path = ProgramSwitcher;
			sourceTree = "<group>";
		};
		47A4A2B11B483A2700E611C5 /* Supporting Files */ = {
			isa = PBXGroup;
			children = (
				47A4A2B21B483A2700E611C5 /* Info.plist */,
			);
			name = "Supporting Files";
			sourceTree = "<group>";
		};
		47A4A2C61B483A2700E611C5 /* ProgramSwitcherTests */ = {
			isa = PBXGroup;
			children = (
				47A4A2C91B483A2700E611C5 /* ProgramSwitcherTests.swift */,
				47A4A2C71B483A2700E611C5 /* Supporting Files */,
			);
			path = ProgramSwitcherTests;
			sourceTree = "<group>";
		};
		47A4A2C71B483A2700E611C5 /* Supporting Files */ = {
			isa = PBXGroup;
			children = (
				47A4A2C81B483A2700E611C5 /* Info.plist */,
			);
			name = "Supporting Files";
			sourceTree = "<group>";
		};
/* End PBXGroup section */

/* Begin PBXNativeTarget section */
		47A4A2AD1B483A2700E611C5 /* ProgramSwitcher */ = {
			isa = PBXNativeTarget;
			buildConfigurationList = 47A4A2CD1B483A2700E611C5 /* Build configuration list for PBXNativeTarget "ProgramSwitcher" */;
			buildPhases = (
				47A4A2AA1B483A2700E611C5 /* Sources */,
				47A4A2AB1B483A2700E611C5 /* Frameworks */,
				47A4A2AC1B483A2700E611C5 /* Resources */,
			);
			buildRules = (
			);
			dependencies = (
			);
			name = ProgramSwitcher;
			productName = ProgramSwitcher;
			productReference = 47A4A2AE1B483A2700E611C5 /* ProgramSwitcher.app */;
			productType = "com.apple.product-type.application";
		};
		47A4A2C21B483A2700E611C5 /* ProgramSwitcherTests */ = {
			isa = PBXNativeTarget;
			buildConfigurationList = 47A4A2D01B483A2700E611C5 /* Build configuration list for PBXNativeTarget "ProgramSwitcherTests" */;
			buildPhases = (
				47A4A2BF1B483A2700E611C5 /* Sources */,
				47A4A2C01B483A2700E611C5 /* Frameworks */,
				47A4A2C11B483A2700E611C5 /* Resources */,
			);
			buildRules = (
			);
			dependencies = (
				47A4A2C51B483A2700E611C5 /* PBXTargetDependency */,
			);
			name = ProgramSwitcherTests;
			productName = ProgramSwitcherTests;
			productReference = 47A4A2C31B483A2700E611C5 /* ProgramSwitcherTests.xctest */;
			productType = "com.apple.product-type.bundle.unit-test";
		};
/* End PBXNativeTarget section */

/* Begin PBXProject section */
		47A4A2A61B483A2700E611C5 /* Project object */ = {
			isa = PBXProject;
			attributes = {
				LastUpgradeCheck = 0640;
				ORGANIZATIONNAME = "Beer Barrel Poker Studios";
				TargetAttributes = {
					47A4A2AD1B483A2700E611C5 = {
						CreatedOnToolsVersion = 6.4;
					};
					47A4A2C21B483A2700E611C5 = {
						CreatedOnToolsVersion = 6.4;
						TestTargetID = 47A4A2AD1B483A2700E611C5;
					};
				};
			};
			buildConfigurationList = 47A4A2A91B483A2700E611C5 /* Build configuration list for PBXProject "ProgramSwitcher" */;
			compatibilityVersion = "Xcode 3.2";
			developmentRegion = English;
			hasScannedForEncodings = 0;
			knownRegions = (
				en,
				Base,
			);
			mainGroup = 47A4A2A51B483A2700E611C5;
			productRefGroup = 47A4A2AF1B483A2700E611C5 /* Products */;
			projectDirPath = "";
			projectRoot = "";
			targets = (
				47A4A2AD1B483A2700E611C5 /* ProgramSwitcher */,
				47A4A2C21B483A2700E611C5 /* ProgramSwitcherTests */,
			);
		};
/* End PBXProject section */

/* Begin PBXResourcesBuildPhase section */
		47A4A2AC1B483A2700E611C5 /* Resources */ = {
			isa = PBXResourcesBuildPhase;
			buildActionMask = 2147483647;
			files = (
				47A4A2B91B483A2700E611C5 /* Main.storyboard in Resources */,
				47A4A2BE1B483A2700E611C5 /* LaunchScreen.xib in Resources */,
				47A4A2BB1B483A2700E611C5 /* Images.xcassets in Resources */,
			);
			runOnlyForDeploymentPostprocessing = 0;
		};
		47A4A2C11B483A2700E611C5 /* Resources */ = {
			isa = PBXResourcesBuildPhase;
			buildActionMask = 2147483647;
			files = (
			);
			runOnlyForDeploymentPostprocessing = 0;
		};
/* End PBXResourcesBuildPhase section */

/* Begin PBXSourcesBuildPhase section */
		47A4A2AA1B483A2700E611C5 /* Sources */ = {
			isa = PBXSourcesBuildPhase;
			buildActionMask = 2147483647;
			files = (
				47A4A2B61B483A2700E611C5 /* ProgramSwitcherViewController.swift in Sources */,
				47A4A2B41B483A2700E611C5 /* AppDelegate.swift in Sources */,
			);
			runOnlyForDeploymentPostprocessing = 0;
		};
		47A4A2BF1B483A2700E611C5 /* Sources */ = {
			isa = PBXSourcesBuildPhase;
			buildActionMask = 2147483647;
			files = (
				47A4A2CA1B483A2700E611C5 /* ProgramSwitcherTests.swift in Sources */,
			);
			runOnlyForDeploymentPostprocessing = 0;
		};
/* End PBXSourcesBuildPhase section */

/* Begin PBXTargetDependency section */
		47A4A2C51B483A2700E611C5 /* PBXTargetDependency */ = {
			isa = PBXTargetDependency;
			target = 47A4A2AD1B483A2700E611C5 /* ProgramSwitcher */;
			targetProxy = 47A4A2C41B483A2700E611C5 /* PBXContainerItemProxy */;
		};
/* End PBXTargetDependency section */

/* Begin PBXVariantGroup section */
		47A4A2B71B483A2700E611C5 /* Main.storyboard */ = {
			isa = PBXVariantGroup;
			children = (
				47A4A2B81B483A2700E611C5 /* Base */,
			);
			name = Main.storyboard;
			sourceTree = "<group>";
		};
		47A4A2BC1B483A2700E611C5 /* LaunchScreen.xib */ = {
			isa = PBXVariantGroup;
			children = (
				47A4A2BD1B483A2700E611C5 /* Base */,
			);
			name = LaunchScreen.xib;
			sourceTree = "<group>";
		};
/* End PBXVariantGroup section */

/* Begin XCBuildConfiguration section */
		47A4A2CB1B483A2700E611C5 /* Debug */ = {
			isa = XCBuildConfiguration;
			buildSettings = {
				ALWAYS_SEARCH_USER_PATHS = NO;
				CLANG_CXX_LANGUAGE_STANDARD = "gnu++0x";
				CLANG_CXX_LIBRARY = "libc++";
				CLANG_ENABLE_MODULES = YES;
				CLANG_ENABLE_OBJC_ARC = YES;
				CLANG_WARN_BOOL_CONVERSION = YES;
				CLANG_WARN_CONSTANT_CONVERSION = YES;
				CLANG_WARN_DIRECT_OBJC_ISA_USAGE = YES_ERROR;
				CLANG_WARN_EMPTY_BODY = YES;
				CLANG_WARN_ENUM_CONVERSION = YES;
				CLANG_WARN_INT_CONVERSION = YES;
				CLANG_WARN_OBJC_ROOT_CLASS = YES_ERROR;
				CLANG_WARN_UNREACHABLE_CODE = YES;
				CLANG_WARN__DUPLICATE_METHOD_MATCH = YES;
				"CODE_SIGN_IDENTITY[sdk=iphoneos*]" = "iPhone Developer";
				COPY_PHASE_STRIP = NO;
				DEBUG_INFORMATION_FORMAT = "dwarf-with-dsym";
				ENABLE_STRICT_OBJC_MSGSEND = YES;
				GCC_C_LANGUAGE_STANDARD = gnu99;
				GCC_DYNAMIC_NO_PIC = NO;
				GCC_NO_COMMON_BLOCKS = YES;
				GCC_OPTIMIZATION_LEVEL = 0;
				GCC_PREPROCESSOR_DEFINITIONS = (
					"DEBUG=1",
					"$(inherited)",
				);
				GCC_SYMBOLS_PRIVATE_EXTERN = NO;
				GCC_WARN_64_TO_32_BIT_CONVERSION = YES;
				GCC_WARN_ABOUT_RETURN_TYPE = YES_ERROR;
				GCC_WARN_UNDECLARED_SELECTOR = YES;
				GCC_WARN_UNINITIALIZED_AUTOS = YES_AGGRESSIVE;
				GCC_WARN_UNUSED_FUNCTION = YES;
				GCC_WARN_UNUSED_VARIABLE = YES;
				IPHONEOS_DEPLOYMENT_TARGET = 8.4;
				MTL_ENABLE_DEBUG_INFO = YES;
				ONLY_ACTIVE_ARCH = YES;
				SDKROOT = iphoneos;
				SWIFT_OPTIMIZATION_LEVEL = "-Onone";
				TARGETED_DEVICE_FAMILY = 2;
			};
			name = Debug;
		};
		47A4A2CC1B483A2700E611C5 /* Release */ = {
			isa = XCBuildConfiguration;
			buildSettings = {
				ALWAYS_SEARCH_USER_PATHS = NO;
				CLANG_CXX_LANGUAGE_STANDARD = "gnu++0x";
				CLANG_CXX_LIBRARY = "libc++";
				CLANG_ENABLE_MODULES = YES;
				CLANG_ENABLE_OBJC_ARC = YES;
				CLANG_WARN_BOOL_CONVERSION = YES;
				CLANG_WARN_CONSTANT_CONVERSION = YES;
				CLANG_WARN_DIRECT_OBJC_ISA_USAGE = YES_ERROR;
				CLANG_WARN_EMPTY_BODY = YES;
				CLANG_WARN_ENUM_CONVERSION = YES;
				CLANG_WARN_INT_CONVERSION = YES;
				CLANG_WARN_OBJC_ROOT_CLASS = YES_ERROR;
				CLANG_WARN_UNREACHABLE_CODE = YES;
				CLANG_WARN__DUPLICATE_METHOD_MATCH = YES;
				"CODE_SIGN_IDENTITY[sdk=iphoneos*]" = "iPhone Developer";
				COPY_PHASE_STRIP = NO;
				DEBUG_INFORMATION_FORMAT = "dwarf-with-dsym";
				ENABLE_NS_ASSERTIONS = NO;
				ENABLE_STRICT_OBJC_MSGSEND = YES;
				GCC_C_LANGUAGE_STANDARD = gnu99;
				GCC_NO_COMMON_BLOCKS = YES;
				GCC_WARN_64_TO_32_BIT_CONVERSION = YES;
				GCC_WARN_ABOUT_RETURN_TYPE = YES_ERROR;
				GCC_WARN_UNDECLARED_SELECTOR = YES;
				GCC_WARN_UNINITIALIZED_AUTOS = YES_AGGRESSIVE;
				GCC_WARN_UNUSED_FUNCTION = YES;
				GCC_WARN_UNUSED_VARIABLE = YES;
				IPHONEOS_DEPLOYMENT_TARGET = 8.4;
				MTL_ENABLE_DEBUG_INFO = NO;
				SDKROOT = iphoneos;
				TARGETED_DEVICE_FAMILY = 2;
				VALIDATE_PRODUCT = YES;
			};
			name = Release;
		};
		47A4A2CE1B483A2700E611C5 /* Debug */ = {
			isa = XCBuildConfiguration;
			buildSettings = {
				ASSETCATALOG_COMPILER_APPICON_NAME = AppIcon;
				INFOPLIST_FILE = ProgramSwitcher/Info.plist;
				LD_RUNPATH_SEARCH_PATHS = "$(inherited) @executable_path/Frameworks";
				PRODUCT_NAME = "$(TARGET_NAME)";
			};
			name = Debug;
		};
		47A4A2CF1B483A2700E611C5 /* Release */ = {
			isa = XCBuildConfiguration;
			buildSettings = {
				ASSETCATALOG_COMPILER_APPICON_NAME = AppIcon;
				INFOPLIST_FILE = ProgramSwitcher/Info.plist;
				LD_RUNPATH_SEARCH_PATHS = "$(inherited) @executable_path/Frameworks";
				PRODUCT_NAME = "$(TARGET_NAME)";
			};
			name = Release;
		};
		47A4A2D11B483A2700E611C5 /* Debug */ = {
			isa = XCBuildConfiguration;
			buildSettings = {
				BUNDLE_LOADER = "$(TEST_HOST)";
				FRAMEWORK_SEARCH_PATHS = (
					"$(SDKROOT)/Developer/Library/Frameworks",
					"$(inherited)",
				);
				GCC_PREPROCESSOR_DEFINITIONS = (
					"DEBUG=1",
					"$(inherited)",
				);
				INFOPLIST_FILE = ProgramSwitcherTests/Info.plist;
				LD_RUNPATH_SEARCH_PATHS = "$(inherited) @executable_path/Frameworks @loader_path/Frameworks";
				PRODUCT_NAME = "$(TARGET_NAME)";
				TEST_HOST = "$(BUILT_PRODUCTS_DIR)/ProgramSwitcher.app/ProgramSwitcher";
			};
			name = Debug;
		};
		47A4A2D21B483A2700E611C5 /* Release */ = {
			isa = XCBuildConfiguration;
			buildSettings = {
				BUNDLE_LOADER = "$(TEST_HOST)";
				FRAMEWORK_SEARCH_PATHS = (
					"$(SDKROOT)/Developer/Library/Frameworks",
					"$(inherited)",
				);
				INFOPLIST_FILE = ProgramSwitcherTests/Info.plist;
				LD_RUNPATH_SEARCH_PATHS = "$(inherited) @executable_path/Frameworks @loader_path/Frameworks";
				PRODUCT_NAME = "$(TARGET_NAME)";
				TEST_HOST = "$(BUILT_PRODUCTS_DIR)/ProgramSwitcher.app/ProgramSwitcher";
			};
			name = Release;
		};
/* End XCBuildConfiguration section */

/* Begin XCConfigurationList section */
		47A4A2A91B483A2700E611C5 /* Build configuration list for PBXProject "ProgramSwitcher" */ = {
			isa = XCConfigurationList;
			buildConfigurations = (
				47A4A2CB1B483A2700E611C5 /* Debug */,
				47A4A2CC1B483A2700E611C5 /* Release */,
			);
			defaultConfigurationIsVisible = 0;
			defaultConfigurationName = Release;
		};
		47A4A2CD1B483A2700E611C5 /* Build configuration list for PBXNativeTarget "ProgramSwitcher" */ = {
			isa = XCConfigurationList;
			buildConfigurations = (
				47A4A2CE1B483A2700E611C5 /* Debug */,
				47A4A2CF1B483A2700E611C5 /* Release */,
			);
			defaultConfigurationIsVisible = 0;
		};
		47A4A2D01B483A2700E611C5 /* Build configuration list for PBXNativeTarget "ProgramSwitcherTests" */ = {
			isa = XCConfigurationList;
			buildConfigurations = (
				47A4A2D11B483A2700E611C5 /* Debug */,
				47A4A2D21B483A2700E611C5 /* Release */,
			);
			defaultConfigurationIsVisible = 0;
		};
/* End XCConfigurationList section */
	};
	rootObject = 47A4A2A61B483A2700E611C5 /* Project object */;
}
